
Microsoft Visual Studio Solution File, Format Version 12.00
# Visual Studio Version 16
VisualStudioVersion = 16.0.29920.165
MinimumVisualStudioVersion = 10.0.40219.1
Project("{FAE04EC0-301F-11D3-BF4B-00C04F79EFBC}") = "ZajeciaDi", "ZajeciaDi\ZajeciaDi.csproj", "{302B3707-88AE-4406-884B-C55BA1114104}"
EndProject
Project("{FAE04EC0-301F-11D3-BF4B-00C04F79EFBC}") = "ZajęciaDI.Tests", "ZajęciaDI.Tests\ZajęciaDI.Tests.csproj", "{4EFA0AD5-B653-4E17-9FA3-7C1046A8E5D5}"
EndProject
Global
	GlobalSection(SolutionConfigurationPlatforms) = preSolution
		Debug|Any CPU = Debug|Any CPU
		Release|Any CPU = Release|Any CPU
	EndGlobalSection
	GlobalSection(ProjectConfigurationPlatforms) = postSolution
		{302B3707-88AE-4406-884B-C55BA1114104}.Debug|Any CPU.ActiveCfg = Debug|Any CPU
		{302B3707-88AE-4406-884B-C55BA1114104}.Debug|Any CPU.Build.0 = Debug|Any CPU
		{302B3707-88AE-4406-884B-C55BA1114104}.Release|Any CPU.ActiveCfg = Release|Any CPU
		{302B3707-88AE-4406-884B-C55BA1114104}.Release|Any CPU.Build.0 = Release|Any CPU
		{4EFA0AD5-B653-4E17-9FA3-7C1046A8E5D5}.Debug|Any CPU.ActiveCfg = Debug|Any CPU
		{4EFA0AD5-B653-4E17-9FA3-7C1046A8E5D5}.Debug|Any CPU.Build.0 = Debug|Any CPU
		{4EFA0AD5-B653-4E17-9FA3-7C1046A8E5D5}.Release|Any CPU.ActiveCfg = Release|Any CPU
		{4EFA0AD5-B653-4E17-9FA3-7C1046A8E5D5}.Release|Any CPU.Build.0 = Release|Any CPU
	EndGlobalSection
	GlobalSection(SolutionProperties) = preSolution
		HideSolutionNode = FALSE
	EndGlobalSection
	GlobalSection(ExtensibilityGlobals) = postSolution
		SolutionGuid = {60EEB508-E385-406C-B26A-8BB082FFF12E}
	EndGlobalSection
EndGlobal
